
Microsoft Visual Studio Solution File, Format Version 12.00
# Visual Studio Version 16
VisualStudioVersion = 16.0.30804.86
MinimumVisualStudioVersion = 10.0.40219.1
Project("{9A19103F-16F7-4668-BE54-9A1E7A4F7556}") = "DefineAClassPerson", "DefineAClassPerson\DefineAClassPerson.csproj", "{99212816-6405-43A8-B843-D7176CD92D52}"
EndProject
Project("{9A19103F-16F7-4668-BE54-9A1E7A4F7556}") = "Creating Constructors", "CreatingConstructors\Creating Constructors.csproj", "{79F62B34-CA14-4753-B72A-743B2AB46CF5}"
EndProject
Project("{9A19103F-16F7-4668-BE54-9A1E7A4F7556}") = "OldestFamilyMember", "OldestFamilyMember\OldestFamilyMember.csproj", "{00C7CDB2-AE27-4244-9AFA-C91855E7A94F}"
EndProject
Project("{9A19103F-16F7-4668-BE54-9A1E7A4F7556}") = "OpinionPoll", "OpinionPoll\OpinionPoll.csproj", "{28C7CAC0-BB17-4B7B-B9AF-DD9F924ADF6C}"
EndProject
Project("{9A19103F-16F7-4668-BE54-9A1E7A4F7556}") = "DateModifier", "DateModifier\DateModifier.csproj", "{305F5F2C-2AA6-48B2-9668-517CB52AFE9F}"
EndProject
Project("{9A19103F-16F7-4668-BE54-9A1E7A4F7556}") = "SpeedRacing", "SpeedRacing\SpeedRacing.csproj", "{FED758C4-C6A8-48AC-AE7B-8F49F1F98751}"
EndProject
Project("{9A19103F-16F7-4668-BE54-9A1E7A4F7556}") = "RawData", "RawData\RawData.csproj", "{2E4C9EA7-41A6-4465-9983-99B0E5F5684D}"
EndProject
Project("{9A19103F-16F7-4668-BE54-9A1E7A4F7556}") = "CarSalesman", "CarSalesman\CarSalesman.csproj", "{242B1F34-EA90-4D1C-968D-06970AD0D435}"
EndProject
Project("{9A19103F-16F7-4668-BE54-9A1E7A4F7556}") = "SoftUniParking", "SoftUniParking\SoftUniParking.csproj", "{73ECC23B-9C53-45D8-AD91-0905B0F7775C}"
EndProject
Project("{9A19103F-16F7-4668-BE54-9A1E7A4F7556}") = "PokemonTrainer", "PokemonTrainer\PokemonTrainer.csproj", "{23BEE90F-5689-4636-AFE1-DDD8AC814758}"
EndProject
Project("{9A19103F-16F7-4668-BE54-9A1E7A4F7556}") = "AdvertisementMessage", "AdvertisementMessage\AdvertisementMessage.csproj", "{BC5B03E4-0F85-4972-895D-C113BFB3D377}"
EndProject
Project("{9A19103F-16F7-4668-BE54-9A1E7A4F7556}") = "Articles", "Articles\Articles.csproj", "{D136F7EE-8B2A-4B4B-95A9-0A6EC06FBA63}"
EndProject
Project("{9A19103F-16F7-4668-BE54-9A1E7A4F7556}") = "Articles2.0", "Articles2.0\Articles2.0.csproj", "{82322C74-8A9D-4F43-9E4C-23A19E7D4A7C}"
EndProject
Project("{9A19103F-16F7-4668-BE54-9A1E7A4F7556}") = "Students", "Students\Students.csproj", "{4041684A-654A-42CA-A3BF-448DE7E34942}"
EndProject
Project("{9A19103F-16F7-4668-BE54-9A1E7A4F7556}") = "TeamworkProjects", "TeamworkProjects\TeamworkProjects.csproj", "{13A9A03A-7FC2-4A81-80E4-303991A23320}"
EndProject
Project("{FAE04EC0-301F-11D3-BF4B-00C04F79EFBC}") = "VehicleCatalogue", "VehicleCatalogue\VehicleCatalogue.csproj", "{E572DA85-6079-4D7B-8009-C0B4FBE928E3}"
EndProject
Project("{FAE04EC0-301F-11D3-BF4B-00C04F79EFBC}") = "OrderByAge", "OrderByAge\OrderByAge.csproj", "{B5DDCCEC-D68C-41FB-BE23-0404006D55B4}"
EndProject
Global
	GlobalSection(SolutionConfigurationPlatforms) = preSolution
		Debug|Any CPU = Debug|Any CPU
		Release|Any CPU = Release|Any CPU
	EndGlobalSection
	GlobalSection(ProjectConfigurationPlatforms) = postSolution
		{99212816-6405-43A8-B843-D7176CD92D52}.Debug|Any CPU.ActiveCfg = Debug|Any CPU
		{99212816-6405-43A8-B843-D7176CD92D52}.Debug|Any CPU.Build.0 = Debug|Any CPU
		{99212816-6405-43A8-B843-D7176CD92D52}.Release|Any CPU.ActiveCfg = Release|Any CPU
		{99212816-6405-43A8-B843-D7176CD92D52}.Release|Any CPU.Build.0 = Release|Any CPU
		{79F62B34-CA14-4753-B72A-743B2AB46CF5}.Debug|Any CPU.ActiveCfg = Debug|Any CPU
		{79F62B34-CA14-4753-B72A-743B2AB46CF5}.Debug|Any CPU.Build.0 = Debug|Any CPU
		{79F62B34-CA14-4753-B72A-743B2AB46CF5}.Release|Any CPU.ActiveCfg = Release|Any CPU
		{79F62B34-CA14-4753-B72A-743B2AB46CF5}.Release|Any CPU.Build.0 = Release|Any CPU
		{00C7CDB2-AE27-4244-9AFA-C91855E7A94F}.Debug|Any CPU.ActiveCfg = Debug|Any CPU
		{00C7CDB2-AE27-4244-9AFA-C91855E7A94F}.Debug|Any CPU.Build.0 = Debug|Any CPU
		{00C7CDB2-AE27-4244-9AFA-C91855E7A94F}.Release|Any CPU.ActiveCfg = Release|Any CPU
		{00C7CDB2-AE27-4244-9AFA-C91855E7A94F}.Release|Any CPU.Build.0 = Release|Any CPU
		{28C7CAC0-BB17-4B7B-B9AF-DD9F924ADF6C}.Debug|Any CPU.ActiveCfg = Debug|Any CPU
		{28C7CAC0-BB17-4B7B-B9AF-DD9F924ADF6C}.Debug|Any CPU.Build.0 = Debug|Any CPU
		{28C7CAC0-BB17-4B7B-B9AF-DD9F924ADF6C}.Release|Any CPU.ActiveCfg = Release|Any CPU
		{28C7CAC0-BB17-4B7B-B9AF-DD9F924ADF6C}.Release|Any CPU.Build.0 = Release|Any CPU
		{305F5F2C-2AA6-48B2-9668-517CB52AFE9F}.Debug|Any CPU.ActiveCfg = Debug|Any CPU
		{305F5F2C-2AA6-48B2-9668-517CB52AFE9F}.Debug|Any CPU.Build.0 = Debug|Any CPU
		{305F5F2C-2AA6-48B2-9668-517CB52AFE9F}.Release|Any CPU.ActiveCfg = Release|Any CPU
		{305F5F2C-2AA6-48B2-9668-517CB52AFE9F}.Release|Any CPU.Build.0 = Release|Any CPU
		{FED758C4-C6A8-48AC-AE7B-8F49F1F98751}.Debug|Any CPU.ActiveCfg = Debug|Any CPU
		{FED758C4-C6A8-48AC-AE7B-8F49F1F98751}.Debug|Any CPU.Build.0 = Debug|Any CPU
		{FED758C4-C6A8-48AC-AE7B-8F49F1F98751}.Release|Any CPU.ActiveCfg = Release|Any CPU
		{FED758C4-C6A8-48AC-AE7B-8F49F1F98751}.Release|Any CPU.Build.0 = Release|Any CPU
		{2E4C9EA7-41A6-4465-9983-99B0E5F5684D}.Debug|Any CPU.ActiveCfg = Debug|Any CPU
		{2E4C9EA7-41A6-4465-9983-99B0E5F5684D}.Debug|Any CPU.Build.0 = Debug|Any CPU
		{2E4C9EA7-41A6-4465-9983-99B0E5F5684D}.Release|Any CPU.ActiveCfg = Release|Any CPU
		{2E4C9EA7-41A6-4465-9983-99B0E5F5684D}.Release|Any CPU.Build.0 = Release|Any CPU
		{242B1F34-EA90-4D1C-968D-06970AD0D435}.Debug|Any CPU.ActiveCfg = Debug|Any CPU
		{242B1F34-EA90-4D1C-968D-06970AD0D435}.Debug|Any CPU.Build.0 = Debug|Any CPU
		{242B1F34-EA90-4D1C-968D-06970AD0D435}.Release|Any CPU.ActiveCfg = Release|Any CPU
		{242B1F34-EA90-4D1C-968D-06970AD0D435}.Release|Any CPU.Build.0 = Release|Any CPU
		{73ECC23B-9C53-45D8-AD91-0905B0F7775C}.Debug|Any CPU.ActiveCfg = Debug|Any CPU
		{73ECC23B-9C53-45D8-AD91-0905B0F7775C}.Debug|Any CPU.Build.0 = Debug|Any CPU
		{73ECC23B-9C53-45D8-AD91-0905B0F7775C}.Release|Any CPU.ActiveCfg = Release|Any CPU
		{73ECC23B-9C53-45D8-AD91-0905B0F7775C}.Release|Any CPU.Build.0 = Release|Any CPU
		{23BEE90F-5689-4636-AFE1-DDD8AC814758}.Debug|Any CPU.ActiveCfg = Debug|Any CPU
		{23BEE90F-5689-4636-AFE1-DDD8AC814758}.Debug|Any CPU.Build.0 = Debug|Any CPU
		{23BEE90F-5689-4636-AFE1-DDD8AC814758}.Release|Any CPU.ActiveCfg = Release|Any CPU
		{23BEE90F-5689-4636-AFE1-DDD8AC814758}.Release|Any CPU.Build.0 = Release|Any CPU
		{BC5B03E4-0F85-4972-895D-C113BFB3D377}.Debug|Any CPU.ActiveCfg = Debug|Any CPU
		{BC5B03E4-0F85-4972-895D-C113BFB3D377}.Debug|Any CPU.Build.0 = Debug|Any CPU
		{BC5B03E4-0F85-4972-895D-C113BFB3D377}.Release|Any CPU.ActiveCfg = Release|Any CPU
		{BC5B03E4-0F85-4972-895D-C113BFB3D377}.Release|Any CPU.Build.0 = Release|Any CPU
		{D136F7EE-8B2A-4B4B-95A9-0A6EC06FBA63}.Debug|Any CPU.ActiveCfg = Debug|Any CPU
		{D136F7EE-8B2A-4B4B-95A9-0A6EC06FBA63}.Debug|Any CPU.Build.0 = Debug|Any CPU
		{D136F7EE-8B2A-4B4B-95A9-0A6EC06FBA63}.Release|Any CPU.ActiveCfg = Release|Any CPU
		{D136F7EE-8B2A-4B4B-95A9-0A6EC06FBA63}.Release|Any CPU.Build.0 = Release|Any CPU
		{82322C74-8A9D-4F43-9E4C-23A19E7D4A7C}.Debug|Any CPU.ActiveCfg = Debug|Any CPU
		{82322C74-8A9D-4F43-9E4C-23A19E7D4A7C}.Debug|Any CPU.Build.0 = Debug|Any CPU
		{82322C74-8A9D-4F43-9E4C-23A19E7D4A7C}.Release|Any CPU.ActiveCfg = Release|Any CPU
		{82322C74-8A9D-4F43-9E4C-23A19E7D4A7C}.Release|Any CPU.Build.0 = Release|Any CPU
		{4041684A-654A-42CA-A3BF-448DE7E34942}.Debug|Any CPU.ActiveCfg = Debug|Any CPU
		{4041684A-654A-42CA-A3BF-448DE7E34942}.Debug|Any CPU.Build.0 = Debug|Any CPU
		{4041684A-654A-42CA-A3BF-448DE7E34942}.Release|Any CPU.ActiveCfg = Release|Any CPU
		{4041684A-654A-42CA-A3BF-448DE7E34942}.Release|Any CPU.Build.0 = Release|Any CPU
		{13A9A03A-7FC2-4A81-80E4-303991A23320}.Debug|Any CPU.ActiveCfg = Debug|Any CPU
		{13A9A03A-7FC2-4A81-80E4-303991A23320}.Debug|Any CPU.Build.0 = Debug|Any CPU
		{13A9A03A-7FC2-4A81-80E4-303991A23320}.Release|Any CPU.ActiveCfg = Release|Any CPU
		{13A9A03A-7FC2-4A81-80E4-303991A23320}.Release|Any CPU.Build.0 = Release|Any CPU
		{E572DA85-6079-4D7B-8009-C0B4FBE928E3}.Debug|Any CPU.ActiveCfg = Debug|Any CPU
		{E572DA85-6079-4D7B-8009-C0B4FBE928E3}.Debug|Any CPU.Build.0 = Debug|Any CPU
		{E572DA85-6079-4D7B-8009-C0B4FBE928E3}.Release|Any CPU.ActiveCfg = Release|Any CPU
		{E572DA85-6079-4D7B-8009-C0B4FBE928E3}.Release|Any CPU.Build.0 = Release|Any CPU
		{B5DDCCEC-D68C-41FB-BE23-0404006D55B4}.Debug|Any CPU.ActiveCfg = Debug|Any CPU
		{B5DDCCEC-D68C-41FB-BE23-0404006D55B4}.Debug|Any CPU.Build.0 = Debug|Any CPU
		{B5DDCCEC-D68C-41FB-BE23-0404006D55B4}.Release|Any CPU.ActiveCfg = Release|Any CPU
		{B5DDCCEC-D68C-41FB-BE23-0404006D55B4}.Release|Any CPU.Build.0 = Release|Any CPU
	EndGlobalSection
	GlobalSection(SolutionProperties) = preSolution
		HideSolutionNode = FALSE
	EndGlobalSection
	GlobalSection(ExtensibilityGlobals) = postSolution
		SolutionGuid = {6CA7D166-4461-4651-A110-8759F8A48B82}
	EndGlobalSection
EndGlobal
