
Microsoft Visual Studio Solution File, Format Version 12.00
# Visual Studio Version 16
VisualStudioVersion = 16.0.30804.86
MinimumVisualStudioVersion = 10.0.40219.1
Project("{FAE04EC0-301F-11D3-BF4B-00C04F79EFBC}") = "UniqueUsernames", "UniqueUsernames\UniqueUsernames.csproj", "{D006D026-97F1-4F73-BD4B-B040B0682F14}"
EndProject
Project("{FAE04EC0-301F-11D3-BF4B-00C04F79EFBC}") = "SetsOfElements", "SetsOfElements\SetsOfElements.csproj", "{6BDF00F2-9650-48DA-9AF5-A800D9A84C19}"
EndProject
Project("{FAE04EC0-301F-11D3-BF4B-00C04F79EFBC}") = "PeriodicTable", "PeriodicTable\PeriodicTable.csproj", "{BFF41E0B-DEC7-4D66-B0E7-34B6F291808A}"
EndProject
Global
	GlobalSection(SolutionConfigurationPlatforms) = preSolution
		Debug|Any CPU = Debug|Any CPU
		Release|Any CPU = Release|Any CPU
	EndGlobalSection
	GlobalSection(ProjectConfigurationPlatforms) = postSolution
		{D006D026-97F1-4F73-BD4B-B040B0682F14}.Debug|Any CPU.ActiveCfg = Debug|Any CPU
		{D006D026-97F1-4F73-BD4B-B040B0682F14}.Debug|Any CPU.Build.0 = Debug|Any CPU
		{D006D026-97F1-4F73-BD4B-B040B0682F14}.Release|Any CPU.ActiveCfg = Release|Any CPU
		{D006D026-97F1-4F73-BD4B-B040B0682F14}.Release|Any CPU.Build.0 = Release|Any CPU
		{6BDF00F2-9650-48DA-9AF5-A800D9A84C19}.Debug|Any CPU.ActiveCfg = Debug|Any CPU
		{6BDF00F2-9650-48DA-9AF5-A800D9A84C19}.Debug|Any CPU.Build.0 = Debug|Any CPU
		{6BDF00F2-9650-48DA-9AF5-A800D9A84C19}.Release|Any CPU.ActiveCfg = Release|Any CPU
		{6BDF00F2-9650-48DA-9AF5-A800D9A84C19}.Release|Any CPU.Build.0 = Release|Any CPU
		{BFF41E0B-DEC7-4D66-B0E7-34B6F291808A}.Debug|Any CPU.ActiveCfg = Debug|Any CPU
		{BFF41E0B-DEC7-4D66-B0E7-34B6F291808A}.Debug|Any CPU.Build.0 = Debug|Any CPU
		{BFF41E0B-DEC7-4D66-B0E7-34B6F291808A}.Release|Any CPU.ActiveCfg = Release|Any CPU
		{BFF41E0B-DEC7-4D66-B0E7-34B6F291808A}.Release|Any CPU.Build.0 = Release|Any CPU
	EndGlobalSection
	GlobalSection(SolutionProperties) = preSolution
		HideSolutionNode = FALSE
	EndGlobalSection
	GlobalSection(ExtensibilityGlobals) = postSolution
		SolutionGuid = {9258B1E9-5041-4C07-9766-C7E05116A964}
	EndGlobalSection
EndGlobal
