
Microsoft Visual Studio Solution File, Format Version 12.00
# Visual Studio Version 16
VisualStudioVersion = 16.0.30804.86
MinimumVisualStudioVersion = 10.0.40219.1
Project("{9A19103F-16F7-4668-BE54-9A1E7A4F7556}") = "UniqueUsernames", "UniqueUsernames\UniqueUsernames.csproj", "{D006D026-97F1-4F73-BD4B-B040B0682F14}"
EndProject
Project("{9A19103F-16F7-4668-BE54-9A1E7A4F7556}") = "SetsOfElements", "SetsOfElements\SetsOfElements.csproj", "{6BDF00F2-9650-48DA-9AF5-A800D9A84C19}"
EndProject
Project("{9A19103F-16F7-4668-BE54-9A1E7A4F7556}") = "PeriodicTable", "PeriodicTable\PeriodicTable.csproj", "{BFF41E0B-DEC7-4D66-B0E7-34B6F291808A}"
EndProject
Project("{9A19103F-16F7-4668-BE54-9A1E7A4F7556}") = "EvenTimes", "EvenTimes\EvenTimes.csproj", "{1751A8E7-D9EB-40B2-9EDC-62C85125F5B0}"
EndProject
Project("{9A19103F-16F7-4668-BE54-9A1E7A4F7556}") = "CountSymbols", "CountSymbols\CountSymbols.csproj", "{31910FFC-C36E-41C4-8CAD-71E7809813BC}"
EndProject
Project("{9A19103F-16F7-4668-BE54-9A1E7A4F7556}") = "Wardrobe", "Wardrobe\Wardrobe.csproj", "{3EC776C7-31FA-45BF-ADD6-D75387AFC0EC}"
EndProject
Project("{9A19103F-16F7-4668-BE54-9A1E7A4F7556}") = "TheV-Logger", "TheV-Logger\TheV-Logger.csproj", "{61ADC132-431F-415D-8AE0-36209BB52416}"
EndProject
Project("{FAE04EC0-301F-11D3-BF4B-00C04F79EFBC}") = "Ranking", "Ranking\Ranking.csproj", "{2379E408-EDDE-43E5-BA94-283D140A10C5}"
EndProject
Global
	GlobalSection(SolutionConfigurationPlatforms) = preSolution
		Debug|Any CPU = Debug|Any CPU
		Release|Any CPU = Release|Any CPU
	EndGlobalSection
	GlobalSection(ProjectConfigurationPlatforms) = postSolution
		{D006D026-97F1-4F73-BD4B-B040B0682F14}.Debug|Any CPU.ActiveCfg = Debug|Any CPU
		{D006D026-97F1-4F73-BD4B-B040B0682F14}.Debug|Any CPU.Build.0 = Debug|Any CPU
		{D006D026-97F1-4F73-BD4B-B040B0682F14}.Release|Any CPU.ActiveCfg = Release|Any CPU
		{D006D026-97F1-4F73-BD4B-B040B0682F14}.Release|Any CPU.Build.0 = Release|Any CPU
		{6BDF00F2-9650-48DA-9AF5-A800D9A84C19}.Debug|Any CPU.ActiveCfg = Debug|Any CPU
		{6BDF00F2-9650-48DA-9AF5-A800D9A84C19}.Debug|Any CPU.Build.0 = Debug|Any CPU
		{6BDF00F2-9650-48DA-9AF5-A800D9A84C19}.Release|Any CPU.ActiveCfg = Release|Any CPU
		{6BDF00F2-9650-48DA-9AF5-A800D9A84C19}.Release|Any CPU.Build.0 = Release|Any CPU
		{BFF41E0B-DEC7-4D66-B0E7-34B6F291808A}.Debug|Any CPU.ActiveCfg = Debug|Any CPU
		{BFF41E0B-DEC7-4D66-B0E7-34B6F291808A}.Debug|Any CPU.Build.0 = Debug|Any CPU
		{BFF41E0B-DEC7-4D66-B0E7-34B6F291808A}.Release|Any CPU.ActiveCfg = Release|Any CPU
		{BFF41E0B-DEC7-4D66-B0E7-34B6F291808A}.Release|Any CPU.Build.0 = Release|Any CPU
		{1751A8E7-D9EB-40B2-9EDC-62C85125F5B0}.Debug|Any CPU.ActiveCfg = Debug|Any CPU
		{1751A8E7-D9EB-40B2-9EDC-62C85125F5B0}.Debug|Any CPU.Build.0 = Debug|Any CPU
		{1751A8E7-D9EB-40B2-9EDC-62C85125F5B0}.Release|Any CPU.ActiveCfg = Release|Any CPU
		{1751A8E7-D9EB-40B2-9EDC-62C85125F5B0}.Release|Any CPU.Build.0 = Release|Any CPU
		{31910FFC-C36E-41C4-8CAD-71E7809813BC}.Debug|Any CPU.ActiveCfg = Debug|Any CPU
		{31910FFC-C36E-41C4-8CAD-71E7809813BC}.Debug|Any CPU.Build.0 = Debug|Any CPU
		{31910FFC-C36E-41C4-8CAD-71E7809813BC}.Release|Any CPU.ActiveCfg = Release|Any CPU
		{31910FFC-C36E-41C4-8CAD-71E7809813BC}.Release|Any CPU.Build.0 = Release|Any CPU
		{3EC776C7-31FA-45BF-ADD6-D75387AFC0EC}.Debug|Any CPU.ActiveCfg = Debug|Any CPU
		{3EC776C7-31FA-45BF-ADD6-D75387AFC0EC}.Debug|Any CPU.Build.0 = Debug|Any CPU
		{3EC776C7-31FA-45BF-ADD6-D75387AFC0EC}.Release|Any CPU.ActiveCfg = Release|Any CPU
		{3EC776C7-31FA-45BF-ADD6-D75387AFC0EC}.Release|Any CPU.Build.0 = Release|Any CPU
		{61ADC132-431F-415D-8AE0-36209BB52416}.Debug|Any CPU.ActiveCfg = Debug|Any CPU
		{61ADC132-431F-415D-8AE0-36209BB52416}.Debug|Any CPU.Build.0 = Debug|Any CPU
		{61ADC132-431F-415D-8AE0-36209BB52416}.Release|Any CPU.ActiveCfg = Release|Any CPU
		{61ADC132-431F-415D-8AE0-36209BB52416}.Release|Any CPU.Build.0 = Release|Any CPU
		{2379E408-EDDE-43E5-BA94-283D140A10C5}.Debug|Any CPU.ActiveCfg = Debug|Any CPU
		{2379E408-EDDE-43E5-BA94-283D140A10C5}.Debug|Any CPU.Build.0 = Debug|Any CPU
		{2379E408-EDDE-43E5-BA94-283D140A10C5}.Release|Any CPU.ActiveCfg = Release|Any CPU
		{2379E408-EDDE-43E5-BA94-283D140A10C5}.Release|Any CPU.Build.0 = Release|Any CPU
	EndGlobalSection
	GlobalSection(SolutionProperties) = preSolution
		HideSolutionNode = FALSE
	EndGlobalSection
	GlobalSection(ExtensibilityGlobals) = postSolution
		SolutionGuid = {9258B1E9-5041-4C07-9766-C7E05116A964}
	EndGlobalSection
EndGlobal
