
Microsoft Visual Studio Solution File, Format Version 12.00
# Visual Studio Version 16
VisualStudioVersion = 16.0.30804.86
MinimumVisualStudioVersion = 10.0.40219.1
Project("{FAE04EC0-301F-11D3-BF4B-00C04F79EFBC}") = "ListyIterator", "ListyIterator\ListyIterator.csproj", "{1FD5E3D2-0982-4626-8A97-F602963427F1}"
EndProject
Project("{FAE04EC0-301F-11D3-BF4B-00C04F79EFBC}") = "Collection", "Collection\Collection.csproj", "{92C559DA-B5E4-4ADB-8CB8-245B328A8AA3}"
EndProject
Project("{FAE04EC0-301F-11D3-BF4B-00C04F79EFBC}") = "Stack", "Stack\Stack.csproj", "{078D3CE8-F8C6-4C69-B513-E4E59C525833}"
EndProject
Global
	GlobalSection(SolutionConfigurationPlatforms) = preSolution
		Debug|Any CPU = Debug|Any CPU
		Release|Any CPU = Release|Any CPU
	EndGlobalSection
	GlobalSection(ProjectConfigurationPlatforms) = postSolution
		{1FD5E3D2-0982-4626-8A97-F602963427F1}.Debug|Any CPU.ActiveCfg = Debug|Any CPU
		{1FD5E3D2-0982-4626-8A97-F602963427F1}.Debug|Any CPU.Build.0 = Debug|Any CPU
		{1FD5E3D2-0982-4626-8A97-F602963427F1}.Release|Any CPU.ActiveCfg = Release|Any CPU
		{1FD5E3D2-0982-4626-8A97-F602963427F1}.Release|Any CPU.Build.0 = Release|Any CPU
		{92C559DA-B5E4-4ADB-8CB8-245B328A8AA3}.Debug|Any CPU.ActiveCfg = Debug|Any CPU
		{92C559DA-B5E4-4ADB-8CB8-245B328A8AA3}.Debug|Any CPU.Build.0 = Debug|Any CPU
		{92C559DA-B5E4-4ADB-8CB8-245B328A8AA3}.Release|Any CPU.ActiveCfg = Release|Any CPU
		{92C559DA-B5E4-4ADB-8CB8-245B328A8AA3}.Release|Any CPU.Build.0 = Release|Any CPU
		{078D3CE8-F8C6-4C69-B513-E4E59C525833}.Debug|Any CPU.ActiveCfg = Debug|Any CPU
		{078D3CE8-F8C6-4C69-B513-E4E59C525833}.Debug|Any CPU.Build.0 = Debug|Any CPU
		{078D3CE8-F8C6-4C69-B513-E4E59C525833}.Release|Any CPU.ActiveCfg = Release|Any CPU
		{078D3CE8-F8C6-4C69-B513-E4E59C525833}.Release|Any CPU.Build.0 = Release|Any CPU
	EndGlobalSection
	GlobalSection(SolutionProperties) = preSolution
		HideSolutionNode = FALSE
	EndGlobalSection
	GlobalSection(ExtensibilityGlobals) = postSolution
		SolutionGuid = {48AAEBB4-465B-41B7-862C-BBBF0B8A7B33}
	EndGlobalSection
EndGlobal
