
Microsoft Visual Studio Solution File, Format Version 12.00
# Visual Studio Version 16
VisualStudioVersion = 16.0.30804.86
MinimumVisualStudioVersion = 10.0.40219.1
Project("{9A19103F-16F7-4668-BE54-9A1E7A4F7556}") = "ListyIterator", "ListyIterator\ListyIterator.csproj", "{1FD5E3D2-0982-4626-8A97-F602963427F1}"
EndProject
Project("{9A19103F-16F7-4668-BE54-9A1E7A4F7556}") = "Collection", "Collection\Collection.csproj", "{92C559DA-B5E4-4ADB-8CB8-245B328A8AA3}"
EndProject
Project("{9A19103F-16F7-4668-BE54-9A1E7A4F7556}") = "Stack", "Stack\Stack.csproj", "{078D3CE8-F8C6-4C69-B513-E4E59C525833}"
EndProject
Project("{9A19103F-16F7-4668-BE54-9A1E7A4F7556}") = "Froggy", "Froggy\Froggy.csproj", "{9C831B9B-06DC-44F2-8BE4-3ABFFB2ED179}"
EndProject
Project("{9A19103F-16F7-4668-BE54-9A1E7A4F7556}") = "ComparingObjects", "ComparingObjects\ComparingObjects.csproj", "{C0EE02CC-8036-4D7A-962A-052F41A8F027}"
EndProject
Project("{FAE04EC0-301F-11D3-BF4B-00C04F79EFBC}") = "StrategyPattern", "StrategyPattern\StrategyPattern.csproj", "{DD330CD1-6060-475D-8CFB-7CE51005224E}"
EndProject
Project("{FAE04EC0-301F-11D3-BF4B-00C04F79EFBC}") = "EqualityLogic", "EqualityLogic\EqualityLogic.csproj", "{C4CCA68B-25DF-49F9-8AFD-90B4814B0BFF}"
EndProject
Project("{FAE04EC0-301F-11D3-BF4B-00C04F79EFBC}") = "LinkedListTraversal", "LinkedListTraversal\LinkedListTraversal.csproj", "{31EC2AAA-0877-4F3A-8EBD-9B8ABDD7E772}"
EndProject
Project("{FAE04EC0-301F-11D3-BF4B-00C04F79EFBC}") = "PetClinic", "PetClinic\PetClinic.csproj", "{F4D1E511-0EEF-421C-82E8-D6577ED0C8DD}"
EndProject
Global
	GlobalSection(SolutionConfigurationPlatforms) = preSolution
		Debug|Any CPU = Debug|Any CPU
		Release|Any CPU = Release|Any CPU
	EndGlobalSection
	GlobalSection(ProjectConfigurationPlatforms) = postSolution
		{1FD5E3D2-0982-4626-8A97-F602963427F1}.Debug|Any CPU.ActiveCfg = Debug|Any CPU
		{1FD5E3D2-0982-4626-8A97-F602963427F1}.Debug|Any CPU.Build.0 = Debug|Any CPU
		{1FD5E3D2-0982-4626-8A97-F602963427F1}.Release|Any CPU.ActiveCfg = Release|Any CPU
		{1FD5E3D2-0982-4626-8A97-F602963427F1}.Release|Any CPU.Build.0 = Release|Any CPU
		{92C559DA-B5E4-4ADB-8CB8-245B328A8AA3}.Debug|Any CPU.ActiveCfg = Debug|Any CPU
		{92C559DA-B5E4-4ADB-8CB8-245B328A8AA3}.Debug|Any CPU.Build.0 = Debug|Any CPU
		{92C559DA-B5E4-4ADB-8CB8-245B328A8AA3}.Release|Any CPU.ActiveCfg = Release|Any CPU
		{92C559DA-B5E4-4ADB-8CB8-245B328A8AA3}.Release|Any CPU.Build.0 = Release|Any CPU
		{078D3CE8-F8C6-4C69-B513-E4E59C525833}.Debug|Any CPU.ActiveCfg = Debug|Any CPU
		{078D3CE8-F8C6-4C69-B513-E4E59C525833}.Debug|Any CPU.Build.0 = Debug|Any CPU
		{078D3CE8-F8C6-4C69-B513-E4E59C525833}.Release|Any CPU.ActiveCfg = Release|Any CPU
		{078D3CE8-F8C6-4C69-B513-E4E59C525833}.Release|Any CPU.Build.0 = Release|Any CPU
		{9C831B9B-06DC-44F2-8BE4-3ABFFB2ED179}.Debug|Any CPU.ActiveCfg = Debug|Any CPU
		{9C831B9B-06DC-44F2-8BE4-3ABFFB2ED179}.Debug|Any CPU.Build.0 = Debug|Any CPU
		{9C831B9B-06DC-44F2-8BE4-3ABFFB2ED179}.Release|Any CPU.ActiveCfg = Release|Any CPU
		{9C831B9B-06DC-44F2-8BE4-3ABFFB2ED179}.Release|Any CPU.Build.0 = Release|Any CPU
		{C0EE02CC-8036-4D7A-962A-052F41A8F027}.Debug|Any CPU.ActiveCfg = Debug|Any CPU
		{C0EE02CC-8036-4D7A-962A-052F41A8F027}.Debug|Any CPU.Build.0 = Debug|Any CPU
		{C0EE02CC-8036-4D7A-962A-052F41A8F027}.Release|Any CPU.ActiveCfg = Release|Any CPU
		{C0EE02CC-8036-4D7A-962A-052F41A8F027}.Release|Any CPU.Build.0 = Release|Any CPU
		{DD330CD1-6060-475D-8CFB-7CE51005224E}.Debug|Any CPU.ActiveCfg = Debug|Any CPU
		{DD330CD1-6060-475D-8CFB-7CE51005224E}.Debug|Any CPU.Build.0 = Debug|Any CPU
		{DD330CD1-6060-475D-8CFB-7CE51005224E}.Release|Any CPU.ActiveCfg = Release|Any CPU
		{DD330CD1-6060-475D-8CFB-7CE51005224E}.Release|Any CPU.Build.0 = Release|Any CPU
		{C4CCA68B-25DF-49F9-8AFD-90B4814B0BFF}.Debug|Any CPU.ActiveCfg = Debug|Any CPU
		{C4CCA68B-25DF-49F9-8AFD-90B4814B0BFF}.Debug|Any CPU.Build.0 = Debug|Any CPU
		{C4CCA68B-25DF-49F9-8AFD-90B4814B0BFF}.Release|Any CPU.ActiveCfg = Release|Any CPU
		{C4CCA68B-25DF-49F9-8AFD-90B4814B0BFF}.Release|Any CPU.Build.0 = Release|Any CPU
		{31EC2AAA-0877-4F3A-8EBD-9B8ABDD7E772}.Debug|Any CPU.ActiveCfg = Debug|Any CPU
		{31EC2AAA-0877-4F3A-8EBD-9B8ABDD7E772}.Debug|Any CPU.Build.0 = Debug|Any CPU
		{31EC2AAA-0877-4F3A-8EBD-9B8ABDD7E772}.Release|Any CPU.ActiveCfg = Release|Any CPU
		{31EC2AAA-0877-4F3A-8EBD-9B8ABDD7E772}.Release|Any CPU.Build.0 = Release|Any CPU
		{F4D1E511-0EEF-421C-82E8-D6577ED0C8DD}.Debug|Any CPU.ActiveCfg = Debug|Any CPU
		{F4D1E511-0EEF-421C-82E8-D6577ED0C8DD}.Debug|Any CPU.Build.0 = Debug|Any CPU
		{F4D1E511-0EEF-421C-82E8-D6577ED0C8DD}.Release|Any CPU.ActiveCfg = Release|Any CPU
		{F4D1E511-0EEF-421C-82E8-D6577ED0C8DD}.Release|Any CPU.Build.0 = Release|Any CPU
	EndGlobalSection
	GlobalSection(SolutionProperties) = preSolution
		HideSolutionNode = FALSE
	EndGlobalSection
	GlobalSection(ExtensibilityGlobals) = postSolution
		SolutionGuid = {48AAEBB4-465B-41B7-862C-BBBF0B8A7B33}
	EndGlobalSection
EndGlobal
