
Microsoft Visual Studio Solution File, Format Version 12.00
# Visual Studio Version 16
VisualStudioVersion = 16.0.30804.86
MinimumVisualStudioVersion = 10.0.40219.1
Project("{9A19103F-16F7-4668-BE54-9A1E7A4F7556}") = "PrintEvenNumbers", "PrintEvenNumbers.csproj", "{1811955C-0421-4790-9347-3374610982D2}"
EndProject
Project("{FAE04EC0-301F-11D3-BF4B-00C04F79EFBC}") = "Supermarket", "..\Supermarket\Supermarket.csproj", "{5C210C54-119C-4697-B3DF-8AF44DDE79CD}"
EndProject
Project("{FAE04EC0-301F-11D3-BF4B-00C04F79EFBC}") = "HotPotato", "..\HotPotato\HotPotato.csproj", "{E8E005B0-53D4-4172-8828-945401EA4E89}"
EndProject
Global
	GlobalSection(SolutionConfigurationPlatforms) = preSolution
		Debug|Any CPU = Debug|Any CPU
		Release|Any CPU = Release|Any CPU
	EndGlobalSection
	GlobalSection(ProjectConfigurationPlatforms) = postSolution
		{1811955C-0421-4790-9347-3374610982D2}.Debug|Any CPU.ActiveCfg = Debug|Any CPU
		{1811955C-0421-4790-9347-3374610982D2}.Debug|Any CPU.Build.0 = Debug|Any CPU
		{1811955C-0421-4790-9347-3374610982D2}.Release|Any CPU.ActiveCfg = Release|Any CPU
		{1811955C-0421-4790-9347-3374610982D2}.Release|Any CPU.Build.0 = Release|Any CPU
		{5C210C54-119C-4697-B3DF-8AF44DDE79CD}.Debug|Any CPU.ActiveCfg = Debug|Any CPU
		{5C210C54-119C-4697-B3DF-8AF44DDE79CD}.Debug|Any CPU.Build.0 = Debug|Any CPU
		{5C210C54-119C-4697-B3DF-8AF44DDE79CD}.Release|Any CPU.ActiveCfg = Release|Any CPU
		{5C210C54-119C-4697-B3DF-8AF44DDE79CD}.Release|Any CPU.Build.0 = Release|Any CPU
		{E8E005B0-53D4-4172-8828-945401EA4E89}.Debug|Any CPU.ActiveCfg = Debug|Any CPU
		{E8E005B0-53D4-4172-8828-945401EA4E89}.Debug|Any CPU.Build.0 = Debug|Any CPU
		{E8E005B0-53D4-4172-8828-945401EA4E89}.Release|Any CPU.ActiveCfg = Release|Any CPU
		{E8E005B0-53D4-4172-8828-945401EA4E89}.Release|Any CPU.Build.0 = Release|Any CPU
	EndGlobalSection
	GlobalSection(SolutionProperties) = preSolution
		HideSolutionNode = FALSE
	EndGlobalSection
	GlobalSection(ExtensibilityGlobals) = postSolution
		SolutionGuid = {3726EA08-BFEE-4A73-A4CA-64751F2DF519}
	EndGlobalSection
EndGlobal
