
Microsoft Visual Studio Solution File, Format Version 12.00
# Visual Studio Version 16
VisualStudioVersion = 16.0.30804.86
MinimumVisualStudioVersion = 10.0.40219.1
Project("{FAE04EC0-301F-11D3-BF4B-00C04F79EFBC}") = "BoxOfT", "Box of T\BoxOfT.csproj", "{BA2D08C2-E892-4ABB-9362-A1C379BFAEB1}"
EndProject
Project("{FAE04EC0-301F-11D3-BF4B-00C04F79EFBC}") = "GenericArrayCreator", "GenericArrayCreator\GenericArrayCreator.csproj", "{74B6CF84-0562-4DEF-BA82-FE8F800A14B0}"
EndProject
Project("{FAE04EC0-301F-11D3-BF4B-00C04F79EFBC}") = "GenericScale", "GenericScale\GenericScale.csproj", "{94B3C4CE-BCC5-4E94-8B7D-9876314355C6}"
EndProject
Global
	GlobalSection(SolutionConfigurationPlatforms) = preSolution
		Debug|Any CPU = Debug|Any CPU
		Release|Any CPU = Release|Any CPU
	EndGlobalSection
	GlobalSection(ProjectConfigurationPlatforms) = postSolution
		{BA2D08C2-E892-4ABB-9362-A1C379BFAEB1}.Debug|Any CPU.ActiveCfg = Debug|Any CPU
		{BA2D08C2-E892-4ABB-9362-A1C379BFAEB1}.Debug|Any CPU.Build.0 = Debug|Any CPU
		{BA2D08C2-E892-4ABB-9362-A1C379BFAEB1}.Release|Any CPU.ActiveCfg = Release|Any CPU
		{BA2D08C2-E892-4ABB-9362-A1C379BFAEB1}.Release|Any CPU.Build.0 = Release|Any CPU
		{74B6CF84-0562-4DEF-BA82-FE8F800A14B0}.Debug|Any CPU.ActiveCfg = Debug|Any CPU
		{74B6CF84-0562-4DEF-BA82-FE8F800A14B0}.Debug|Any CPU.Build.0 = Debug|Any CPU
		{74B6CF84-0562-4DEF-BA82-FE8F800A14B0}.Release|Any CPU.ActiveCfg = Release|Any CPU
		{74B6CF84-0562-4DEF-BA82-FE8F800A14B0}.Release|Any CPU.Build.0 = Release|Any CPU
		{94B3C4CE-BCC5-4E94-8B7D-9876314355C6}.Debug|Any CPU.ActiveCfg = Debug|Any CPU
		{94B3C4CE-BCC5-4E94-8B7D-9876314355C6}.Debug|Any CPU.Build.0 = Debug|Any CPU
		{94B3C4CE-BCC5-4E94-8B7D-9876314355C6}.Release|Any CPU.ActiveCfg = Release|Any CPU
		{94B3C4CE-BCC5-4E94-8B7D-9876314355C6}.Release|Any CPU.Build.0 = Release|Any CPU
	EndGlobalSection
	GlobalSection(SolutionProperties) = preSolution
		HideSolutionNode = FALSE
	EndGlobalSection
	GlobalSection(ExtensibilityGlobals) = postSolution
		SolutionGuid = {7FBFFB62-E8AE-41F6-9252-06DE75E443F3}
	EndGlobalSection
EndGlobal
