
Microsoft Visual Studio Solution File, Format Version 12.00
# Visual Studio Version 16
VisualStudioVersion = 16.0.30804.86
MinimumVisualStudioVersion = 10.0.40219.1
Project("{9A19103F-16F7-4668-BE54-9A1E7A4F7556}") = "SumMatrixElements", "SumMatrixElements\SumMatrixElements.csproj", "{13A573B0-1DDB-4532-81A5-7215910EE014}"
EndProject
Project("{FAE04EC0-301F-11D3-BF4B-00C04F79EFBC}") = "SumMatrixColumns", "SumMatrixColumns\SumMatrixColumns.csproj", "{C643CAAD-15F6-44C8-90B0-354C8605F565}"
EndProject
Global
	GlobalSection(SolutionConfigurationPlatforms) = preSolution
		Debug|Any CPU = Debug|Any CPU
		Release|Any CPU = Release|Any CPU
	EndGlobalSection
	GlobalSection(ProjectConfigurationPlatforms) = postSolution
		{13A573B0-1DDB-4532-81A5-7215910EE014}.Debug|Any CPU.ActiveCfg = Debug|Any CPU
		{13A573B0-1DDB-4532-81A5-7215910EE014}.Debug|Any CPU.Build.0 = Debug|Any CPU
		{13A573B0-1DDB-4532-81A5-7215910EE014}.Release|Any CPU.ActiveCfg = Release|Any CPU
		{13A573B0-1DDB-4532-81A5-7215910EE014}.Release|Any CPU.Build.0 = Release|Any CPU
		{C643CAAD-15F6-44C8-90B0-354C8605F565}.Debug|Any CPU.ActiveCfg = Debug|Any CPU
		{C643CAAD-15F6-44C8-90B0-354C8605F565}.Debug|Any CPU.Build.0 = Debug|Any CPU
		{C643CAAD-15F6-44C8-90B0-354C8605F565}.Release|Any CPU.ActiveCfg = Release|Any CPU
		{C643CAAD-15F6-44C8-90B0-354C8605F565}.Release|Any CPU.Build.0 = Release|Any CPU
	EndGlobalSection
	GlobalSection(SolutionProperties) = preSolution
		HideSolutionNode = FALSE
	EndGlobalSection
	GlobalSection(ExtensibilityGlobals) = postSolution
		SolutionGuid = {48C4CE3D-983C-4801-8EBE-92B3F38A9CAB}
	EndGlobalSection
EndGlobal
