
Microsoft Visual Studio Solution File, Format Version 12.00
# Visual Studio Version 16
VisualStudioVersion = 16.0.30804.86
MinimumVisualStudioVersion = 10.0.40219.1
Project("{FAE04EC0-301F-11D3-BF4B-00C04F79EFBC}") = "BasicStackOperations", "BasicStackOperations\BasicStackOperations.csproj", "{F00D6322-11DF-40CC-880D-D0C8D6339CA3}"
EndProject
Global
	GlobalSection(SolutionConfigurationPlatforms) = preSolution
		Debug|Any CPU = Debug|Any CPU
		Release|Any CPU = Release|Any CPU
	EndGlobalSection
	GlobalSection(ProjectConfigurationPlatforms) = postSolution
		{F00D6322-11DF-40CC-880D-D0C8D6339CA3}.Debug|Any CPU.ActiveCfg = Debug|Any CPU
		{F00D6322-11DF-40CC-880D-D0C8D6339CA3}.Debug|Any CPU.Build.0 = Debug|Any CPU
		{F00D6322-11DF-40CC-880D-D0C8D6339CA3}.Release|Any CPU.ActiveCfg = Release|Any CPU
		{F00D6322-11DF-40CC-880D-D0C8D6339CA3}.Release|Any CPU.Build.0 = Release|Any CPU
	EndGlobalSection
	GlobalSection(SolutionProperties) = preSolution
		HideSolutionNode = FALSE
	EndGlobalSection
	GlobalSection(ExtensibilityGlobals) = postSolution
		SolutionGuid = {A12D1592-08CA-4A70-B9C8-FD0A88438521}
	EndGlobalSection
EndGlobal
