
Microsoft Visual Studio Solution File, Format Version 12.00
# Visual Studio Version 16
VisualStudioVersion = 16.0.30804.86
MinimumVisualStudioVersion = 10.0.40219.1
Project("{9A19103F-16F7-4668-BE54-9A1E7A4F7556}") = "BasicStackOperations", "BasicStackOperations\BasicStackOperations.csproj", "{F00D6322-11DF-40CC-880D-D0C8D6339CA3}"
EndProject
Project("{9A19103F-16F7-4668-BE54-9A1E7A4F7556}") = "BasicQueueOperations", "BasicQueueOperations\BasicQueueOperations.csproj", "{2B3884C2-B039-42CA-BD00-E44CA6CBD60D}"
EndProject
Project("{9A19103F-16F7-4668-BE54-9A1E7A4F7556}") = "MaximumAndMinimumElement", "MaximumAndMinimumElement\MaximumAndMinimumElement.csproj", "{05AE9915-6736-4249-8777-D73CF7A4E65F}"
EndProject
Project("{FAE04EC0-301F-11D3-BF4B-00C04F79EFBC}") = "FastFood", "FastFood\FastFood.csproj", "{D3EBF067-0550-4B3A-8E5E-E70B7E705C61}"
EndProject
Project("{FAE04EC0-301F-11D3-BF4B-00C04F79EFBC}") = "FashionBoutique", "FashionBoutique\FashionBoutique.csproj", "{833CE93F-F675-446C-B58C-771A225E6C26}"
EndProject
Project("{FAE04EC0-301F-11D3-BF4B-00C04F79EFBC}") = "SongsQueue", "SongsQueue\SongsQueue.csproj", "{A63B0EA8-486C-44B7-9CBD-1FC507EB1F43}"
EndProject
Project("{FAE04EC0-301F-11D3-BF4B-00C04F79EFBC}") = "TruckTour", "TruckTour\TruckTour.csproj", "{1B1DA888-B731-4CFC-92E1-28D6D8B1D90E}"
EndProject
Global
	GlobalSection(SolutionConfigurationPlatforms) = preSolution
		Debug|Any CPU = Debug|Any CPU
		Release|Any CPU = Release|Any CPU
	EndGlobalSection
	GlobalSection(ProjectConfigurationPlatforms) = postSolution
		{F00D6322-11DF-40CC-880D-D0C8D6339CA3}.Debug|Any CPU.ActiveCfg = Debug|Any CPU
		{F00D6322-11DF-40CC-880D-D0C8D6339CA3}.Debug|Any CPU.Build.0 = Debug|Any CPU
		{F00D6322-11DF-40CC-880D-D0C8D6339CA3}.Release|Any CPU.ActiveCfg = Release|Any CPU
		{F00D6322-11DF-40CC-880D-D0C8D6339CA3}.Release|Any CPU.Build.0 = Release|Any CPU
		{2B3884C2-B039-42CA-BD00-E44CA6CBD60D}.Debug|Any CPU.ActiveCfg = Debug|Any CPU
		{2B3884C2-B039-42CA-BD00-E44CA6CBD60D}.Debug|Any CPU.Build.0 = Debug|Any CPU
		{2B3884C2-B039-42CA-BD00-E44CA6CBD60D}.Release|Any CPU.ActiveCfg = Release|Any CPU
		{2B3884C2-B039-42CA-BD00-E44CA6CBD60D}.Release|Any CPU.Build.0 = Release|Any CPU
		{05AE9915-6736-4249-8777-D73CF7A4E65F}.Debug|Any CPU.ActiveCfg = Debug|Any CPU
		{05AE9915-6736-4249-8777-D73CF7A4E65F}.Debug|Any CPU.Build.0 = Debug|Any CPU
		{05AE9915-6736-4249-8777-D73CF7A4E65F}.Release|Any CPU.ActiveCfg = Release|Any CPU
		{05AE9915-6736-4249-8777-D73CF7A4E65F}.Release|Any CPU.Build.0 = Release|Any CPU
		{D3EBF067-0550-4B3A-8E5E-E70B7E705C61}.Debug|Any CPU.ActiveCfg = Debug|Any CPU
		{D3EBF067-0550-4B3A-8E5E-E70B7E705C61}.Debug|Any CPU.Build.0 = Debug|Any CPU
		{D3EBF067-0550-4B3A-8E5E-E70B7E705C61}.Release|Any CPU.ActiveCfg = Release|Any CPU
		{D3EBF067-0550-4B3A-8E5E-E70B7E705C61}.Release|Any CPU.Build.0 = Release|Any CPU
		{833CE93F-F675-446C-B58C-771A225E6C26}.Debug|Any CPU.ActiveCfg = Debug|Any CPU
		{833CE93F-F675-446C-B58C-771A225E6C26}.Debug|Any CPU.Build.0 = Debug|Any CPU
		{833CE93F-F675-446C-B58C-771A225E6C26}.Release|Any CPU.ActiveCfg = Release|Any CPU
		{833CE93F-F675-446C-B58C-771A225E6C26}.Release|Any CPU.Build.0 = Release|Any CPU
		{A63B0EA8-486C-44B7-9CBD-1FC507EB1F43}.Debug|Any CPU.ActiveCfg = Debug|Any CPU
		{A63B0EA8-486C-44B7-9CBD-1FC507EB1F43}.Debug|Any CPU.Build.0 = Debug|Any CPU
		{A63B0EA8-486C-44B7-9CBD-1FC507EB1F43}.Release|Any CPU.ActiveCfg = Release|Any CPU
		{A63B0EA8-486C-44B7-9CBD-1FC507EB1F43}.Release|Any CPU.Build.0 = Release|Any CPU
		{1B1DA888-B731-4CFC-92E1-28D6D8B1D90E}.Debug|Any CPU.ActiveCfg = Debug|Any CPU
		{1B1DA888-B731-4CFC-92E1-28D6D8B1D90E}.Debug|Any CPU.Build.0 = Debug|Any CPU
		{1B1DA888-B731-4CFC-92E1-28D6D8B1D90E}.Release|Any CPU.ActiveCfg = Release|Any CPU
		{1B1DA888-B731-4CFC-92E1-28D6D8B1D90E}.Release|Any CPU.Build.0 = Release|Any CPU
	EndGlobalSection
	GlobalSection(SolutionProperties) = preSolution
		HideSolutionNode = FALSE
	EndGlobalSection
	GlobalSection(ExtensibilityGlobals) = postSolution
		SolutionGuid = {A12D1592-08CA-4A70-B9C8-FD0A88438521}
	EndGlobalSection
EndGlobal
