
Microsoft Visual Studio Solution File, Format Version 12.00
# Visual Studio Version 16
VisualStudioVersion = 16.0.30717.126
MinimumVisualStudioVersion = 10.0.40219.1
Project("{FAE04EC0-301F-11D3-BF4B-00C04F79EFBC}") = "ReverseStrings", "ReverseStrings\ReverseStrings.csproj", "{9DA13463-3DE0-43C3-9F12-9D389EE106C5}"
EndProject
Global
	GlobalSection(SolutionConfigurationPlatforms) = preSolution
		Debug|Any CPU = Debug|Any CPU
		Release|Any CPU = Release|Any CPU
	EndGlobalSection
	GlobalSection(ProjectConfigurationPlatforms) = postSolution
		{9DA13463-3DE0-43C3-9F12-9D389EE106C5}.Debug|Any CPU.ActiveCfg = Debug|Any CPU
		{9DA13463-3DE0-43C3-9F12-9D389EE106C5}.Debug|Any CPU.Build.0 = Debug|Any CPU
		{9DA13463-3DE0-43C3-9F12-9D389EE106C5}.Release|Any CPU.ActiveCfg = Release|Any CPU
		{9DA13463-3DE0-43C3-9F12-9D389EE106C5}.Release|Any CPU.Build.0 = Release|Any CPU
	EndGlobalSection
	GlobalSection(SolutionProperties) = preSolution
		HideSolutionNode = FALSE
	EndGlobalSection
	GlobalSection(ExtensibilityGlobals) = postSolution
		SolutionGuid = {432B04AB-614C-4A47-86B7-7087FE7AA49E}
	EndGlobalSection
EndGlobal
