
Microsoft Visual Studio Solution File, Format Version 12.00
# Visual Studio Version 16
VisualStudioVersion = 16.0.30804.86
MinimumVisualStudioVersion = 10.0.40219.1
Project("{9A19103F-16F7-4668-BE54-9A1E7A4F7556}") = "CountSameValuesInArray", "CountSameValuesInArray\CountSameValuesInArray.csproj", "{65AB26DA-FB3F-4C2F-9C40-39893BCCB50F}"
EndProject
Project("{FAE04EC0-301F-11D3-BF4B-00C04F79EFBC}") = "AverageStudentGrades", "AverageStudentGrades\AverageStudentGrades.csproj", "{6FCC8F3C-0904-4040-AC3F-F7BF38AF5A66}"
EndProject
Project("{FAE04EC0-301F-11D3-BF4B-00C04F79EFBC}") = "ProductShop", "ProductShop\ProductShop.csproj", "{82DFAA90-E318-47A5-932B-08762F5A221F}"
EndProject
Project("{FAE04EC0-301F-11D3-BF4B-00C04F79EFBC}") = "CitiesByContinentAndCountry", "CitiesByContinentAndCountry\CitiesByContinentAndCountry.csproj", "{5B99DA59-9396-464D-A1CC-55A6579BDB42}"
EndProject
Global
	GlobalSection(SolutionConfigurationPlatforms) = preSolution
		Debug|Any CPU = Debug|Any CPU
		Release|Any CPU = Release|Any CPU
	EndGlobalSection
	GlobalSection(ProjectConfigurationPlatforms) = postSolution
		{65AB26DA-FB3F-4C2F-9C40-39893BCCB50F}.Debug|Any CPU.ActiveCfg = Debug|Any CPU
		{65AB26DA-FB3F-4C2F-9C40-39893BCCB50F}.Debug|Any CPU.Build.0 = Debug|Any CPU
		{65AB26DA-FB3F-4C2F-9C40-39893BCCB50F}.Release|Any CPU.ActiveCfg = Release|Any CPU
		{65AB26DA-FB3F-4C2F-9C40-39893BCCB50F}.Release|Any CPU.Build.0 = Release|Any CPU
		{6FCC8F3C-0904-4040-AC3F-F7BF38AF5A66}.Debug|Any CPU.ActiveCfg = Debug|Any CPU
		{6FCC8F3C-0904-4040-AC3F-F7BF38AF5A66}.Debug|Any CPU.Build.0 = Debug|Any CPU
		{6FCC8F3C-0904-4040-AC3F-F7BF38AF5A66}.Release|Any CPU.ActiveCfg = Release|Any CPU
		{6FCC8F3C-0904-4040-AC3F-F7BF38AF5A66}.Release|Any CPU.Build.0 = Release|Any CPU
		{82DFAA90-E318-47A5-932B-08762F5A221F}.Debug|Any CPU.ActiveCfg = Debug|Any CPU
		{82DFAA90-E318-47A5-932B-08762F5A221F}.Debug|Any CPU.Build.0 = Debug|Any CPU
		{82DFAA90-E318-47A5-932B-08762F5A221F}.Release|Any CPU.ActiveCfg = Release|Any CPU
		{82DFAA90-E318-47A5-932B-08762F5A221F}.Release|Any CPU.Build.0 = Release|Any CPU
		{5B99DA59-9396-464D-A1CC-55A6579BDB42}.Debug|Any CPU.ActiveCfg = Debug|Any CPU
		{5B99DA59-9396-464D-A1CC-55A6579BDB42}.Debug|Any CPU.Build.0 = Debug|Any CPU
		{5B99DA59-9396-464D-A1CC-55A6579BDB42}.Release|Any CPU.ActiveCfg = Release|Any CPU
		{5B99DA59-9396-464D-A1CC-55A6579BDB42}.Release|Any CPU.Build.0 = Release|Any CPU
	EndGlobalSection
	GlobalSection(SolutionProperties) = preSolution
		HideSolutionNode = FALSE
	EndGlobalSection
	GlobalSection(ExtensibilityGlobals) = postSolution
		SolutionGuid = {EA75F91D-39A9-4415-B05F-0CF656FDF74D}
	EndGlobalSection
EndGlobal
