
Microsoft Visual Studio Solution File, Format Version 12.00
# Visual Studio Version 16
VisualStudioVersion = 16.0.30804.86
MinimumVisualStudioVersion = 10.0.40219.1
Project("{FAE04EC0-301F-11D3-BF4B-00C04F79EFBC}") = "MultidimensionalArrays-Exercise", "MultidimensionalArrays-Exercise\MultidimensionalArrays-Exercise.csproj", "{7CD48507-4C71-412F-8DFC-A2256E445B76}"
EndProject
Project("{9A19103F-16F7-4668-BE54-9A1E7A4F7556}") = "DiagonalDifference", "DiagonalDifference\DiagonalDifference.csproj", "{4F3F5781-C86C-4989-8654-5152649C28BD}"
EndProject
Project("{9A19103F-16F7-4668-BE54-9A1E7A4F7556}") = "SquaresInMatrix", "SquaresInMatrix\SquaresInMatrix.csproj", "{AF11919E-4E47-4F3F-80B2-AF06EFB5A32F}"
EndProject
Project("{9A19103F-16F7-4668-BE54-9A1E7A4F7556}") = "MaximalSum", "MaximalSum\MaximalSum.csproj", "{0C425274-A1CA-495F-8420-37876AAA6877}"
EndProject
Project("{9A19103F-16F7-4668-BE54-9A1E7A4F7556}") = "MatrixShuffling", "MatrixShuffling\MatrixShuffling.csproj", "{3C5670EF-536B-4394-A5B5-0552B1D5585B}"
EndProject
Project("{9A19103F-16F7-4668-BE54-9A1E7A4F7556}") = "SnakeMoves", "SnakeMoves\SnakeMoves.csproj", "{5A74EB26-4A15-43E2-B64E-51AE2B43501E}"
EndProject
Project("{9A19103F-16F7-4668-BE54-9A1E7A4F7556}") = "JaggedArrayManipulator", "JaggedArrayManipulator\JaggedArrayManipulator.csproj", "{9654FD9E-61B6-450A-941C-4AE820D434A2}"
EndProject
Project("{FAE04EC0-301F-11D3-BF4B-00C04F79EFBC}") = "KnightGame", "KnightGame\KnightGame.csproj", "{1F566BA1-EAAA-42A9-B4BE-CFCA16FC7E2A}"
EndProject
Project("{FAE04EC0-301F-11D3-BF4B-00C04F79EFBC}") = "RadioactiveMutantVampireBunnies", "RadioactiveMutantVampireBunnies\RadioactiveMutantVampireBunnies.csproj", "{9C34A378-E0B7-4EB1-ADB3-2329F55F78C5}"
EndProject
Global
	GlobalSection(SolutionConfigurationPlatforms) = preSolution
		Debug|Any CPU = Debug|Any CPU
		Release|Any CPU = Release|Any CPU
	EndGlobalSection
	GlobalSection(ProjectConfigurationPlatforms) = postSolution
		{7CD48507-4C71-412F-8DFC-A2256E445B76}.Debug|Any CPU.ActiveCfg = Debug|Any CPU
		{7CD48507-4C71-412F-8DFC-A2256E445B76}.Debug|Any CPU.Build.0 = Debug|Any CPU
		{7CD48507-4C71-412F-8DFC-A2256E445B76}.Release|Any CPU.ActiveCfg = Release|Any CPU
		{7CD48507-4C71-412F-8DFC-A2256E445B76}.Release|Any CPU.Build.0 = Release|Any CPU
		{4F3F5781-C86C-4989-8654-5152649C28BD}.Debug|Any CPU.ActiveCfg = Debug|Any CPU
		{4F3F5781-C86C-4989-8654-5152649C28BD}.Debug|Any CPU.Build.0 = Debug|Any CPU
		{4F3F5781-C86C-4989-8654-5152649C28BD}.Release|Any CPU.ActiveCfg = Release|Any CPU
		{4F3F5781-C86C-4989-8654-5152649C28BD}.Release|Any CPU.Build.0 = Release|Any CPU
		{AF11919E-4E47-4F3F-80B2-AF06EFB5A32F}.Debug|Any CPU.ActiveCfg = Debug|Any CPU
		{AF11919E-4E47-4F3F-80B2-AF06EFB5A32F}.Debug|Any CPU.Build.0 = Debug|Any CPU
		{AF11919E-4E47-4F3F-80B2-AF06EFB5A32F}.Release|Any CPU.ActiveCfg = Release|Any CPU
		{AF11919E-4E47-4F3F-80B2-AF06EFB5A32F}.Release|Any CPU.Build.0 = Release|Any CPU
		{0C425274-A1CA-495F-8420-37876AAA6877}.Debug|Any CPU.ActiveCfg = Debug|Any CPU
		{0C425274-A1CA-495F-8420-37876AAA6877}.Debug|Any CPU.Build.0 = Debug|Any CPU
		{0C425274-A1CA-495F-8420-37876AAA6877}.Release|Any CPU.ActiveCfg = Release|Any CPU
		{0C425274-A1CA-495F-8420-37876AAA6877}.Release|Any CPU.Build.0 = Release|Any CPU
		{3C5670EF-536B-4394-A5B5-0552B1D5585B}.Debug|Any CPU.ActiveCfg = Debug|Any CPU
		{3C5670EF-536B-4394-A5B5-0552B1D5585B}.Debug|Any CPU.Build.0 = Debug|Any CPU
		{3C5670EF-536B-4394-A5B5-0552B1D5585B}.Release|Any CPU.ActiveCfg = Release|Any CPU
		{3C5670EF-536B-4394-A5B5-0552B1D5585B}.Release|Any CPU.Build.0 = Release|Any CPU
		{5A74EB26-4A15-43E2-B64E-51AE2B43501E}.Debug|Any CPU.ActiveCfg = Debug|Any CPU
		{5A74EB26-4A15-43E2-B64E-51AE2B43501E}.Debug|Any CPU.Build.0 = Debug|Any CPU
		{5A74EB26-4A15-43E2-B64E-51AE2B43501E}.Release|Any CPU.ActiveCfg = Release|Any CPU
		{5A74EB26-4A15-43E2-B64E-51AE2B43501E}.Release|Any CPU.Build.0 = Release|Any CPU
		{9654FD9E-61B6-450A-941C-4AE820D434A2}.Debug|Any CPU.ActiveCfg = Debug|Any CPU
		{9654FD9E-61B6-450A-941C-4AE820D434A2}.Debug|Any CPU.Build.0 = Debug|Any CPU
		{9654FD9E-61B6-450A-941C-4AE820D434A2}.Release|Any CPU.ActiveCfg = Release|Any CPU
		{9654FD9E-61B6-450A-941C-4AE820D434A2}.Release|Any CPU.Build.0 = Release|Any CPU
		{1F566BA1-EAAA-42A9-B4BE-CFCA16FC7E2A}.Debug|Any CPU.ActiveCfg = Debug|Any CPU
		{1F566BA1-EAAA-42A9-B4BE-CFCA16FC7E2A}.Debug|Any CPU.Build.0 = Debug|Any CPU
		{1F566BA1-EAAA-42A9-B4BE-CFCA16FC7E2A}.Release|Any CPU.ActiveCfg = Release|Any CPU
		{1F566BA1-EAAA-42A9-B4BE-CFCA16FC7E2A}.Release|Any CPU.Build.0 = Release|Any CPU
		{9C34A378-E0B7-4EB1-ADB3-2329F55F78C5}.Debug|Any CPU.ActiveCfg = Debug|Any CPU
		{9C34A378-E0B7-4EB1-ADB3-2329F55F78C5}.Debug|Any CPU.Build.0 = Debug|Any CPU
		{9C34A378-E0B7-4EB1-ADB3-2329F55F78C5}.Release|Any CPU.ActiveCfg = Release|Any CPU
		{9C34A378-E0B7-4EB1-ADB3-2329F55F78C5}.Release|Any CPU.Build.0 = Release|Any CPU
	EndGlobalSection
	GlobalSection(SolutionProperties) = preSolution
		HideSolutionNode = FALSE
	EndGlobalSection
	GlobalSection(ExtensibilityGlobals) = postSolution
		SolutionGuid = {AAA23E3E-AE91-4ECF-BBC5-44099F4CE466}
	EndGlobalSection
EndGlobal
