
Microsoft Visual Studio Solution File, Format Version 12.00
# Visual Studio Version 16
VisualStudioVersion = 16.0.30804.86
MinimumVisualStudioVersion = 10.0.40219.1
Project("{9A19103F-16F7-4668-BE54-9A1E7A4F7556}") = "CreateCustomList", "CreateCustomList\CreateCustomList.csproj", "{053B5410-6F60-4C51-A962-8084993343F5}"
EndProject
Project("{9A19103F-16F7-4668-BE54-9A1E7A4F7556}") = "CreateCustomStack", "CreateCustomStack\CreateCustomStack.csproj", "{5EF8E187-A2BD-453E-8803-FFCBE78D82BC}"
EndProject
Project("{9A19103F-16F7-4668-BE54-9A1E7A4F7556}") = "CreateCustomQueue", "CreateCustomQueue\CreateCustomQueue.csproj", "{FAAAAF1F-19C0-41B4-954F-003E088B511D}"
EndProject
Project("{9A19103F-16F7-4668-BE54-9A1E7A4F7556}") = "CreateLinkedList", "CreateLinkedList\CreateLinkedList.csproj", "{5126412F-4AF5-4D0C-8A56-23DD3DFAE393}"
EndProject
Project("{FAE04EC0-301F-11D3-BF4B-00C04F79EFBC}") = "CreateDoublyLinkedList", "CreateDoublyLinkedList\CreateDoublyLinkedList.csproj", "{E663DB69-B20C-4BB3-BEBF-0CC3248C6C59}"
EndProject
Global
	GlobalSection(SolutionConfigurationPlatforms) = preSolution
		Debug|Any CPU = Debug|Any CPU
		Release|Any CPU = Release|Any CPU
	EndGlobalSection
	GlobalSection(ProjectConfigurationPlatforms) = postSolution
		{053B5410-6F60-4C51-A962-8084993343F5}.Debug|Any CPU.ActiveCfg = Debug|Any CPU
		{053B5410-6F60-4C51-A962-8084993343F5}.Debug|Any CPU.Build.0 = Debug|Any CPU
		{053B5410-6F60-4C51-A962-8084993343F5}.Release|Any CPU.ActiveCfg = Release|Any CPU
		{053B5410-6F60-4C51-A962-8084993343F5}.Release|Any CPU.Build.0 = Release|Any CPU
		{5EF8E187-A2BD-453E-8803-FFCBE78D82BC}.Debug|Any CPU.ActiveCfg = Debug|Any CPU
		{5EF8E187-A2BD-453E-8803-FFCBE78D82BC}.Debug|Any CPU.Build.0 = Debug|Any CPU
		{5EF8E187-A2BD-453E-8803-FFCBE78D82BC}.Release|Any CPU.ActiveCfg = Release|Any CPU
		{5EF8E187-A2BD-453E-8803-FFCBE78D82BC}.Release|Any CPU.Build.0 = Release|Any CPU
		{FAAAAF1F-19C0-41B4-954F-003E088B511D}.Debug|Any CPU.ActiveCfg = Debug|Any CPU
		{FAAAAF1F-19C0-41B4-954F-003E088B511D}.Debug|Any CPU.Build.0 = Debug|Any CPU
		{FAAAAF1F-19C0-41B4-954F-003E088B511D}.Release|Any CPU.ActiveCfg = Release|Any CPU
		{FAAAAF1F-19C0-41B4-954F-003E088B511D}.Release|Any CPU.Build.0 = Release|Any CPU
		{5126412F-4AF5-4D0C-8A56-23DD3DFAE393}.Debug|Any CPU.ActiveCfg = Debug|Any CPU
		{5126412F-4AF5-4D0C-8A56-23DD3DFAE393}.Debug|Any CPU.Build.0 = Debug|Any CPU
		{5126412F-4AF5-4D0C-8A56-23DD3DFAE393}.Release|Any CPU.ActiveCfg = Release|Any CPU
		{5126412F-4AF5-4D0C-8A56-23DD3DFAE393}.Release|Any CPU.Build.0 = Release|Any CPU
		{E663DB69-B20C-4BB3-BEBF-0CC3248C6C59}.Debug|Any CPU.ActiveCfg = Debug|Any CPU
		{E663DB69-B20C-4BB3-BEBF-0CC3248C6C59}.Debug|Any CPU.Build.0 = Debug|Any CPU
		{E663DB69-B20C-4BB3-BEBF-0CC3248C6C59}.Release|Any CPU.ActiveCfg = Release|Any CPU
		{E663DB69-B20C-4BB3-BEBF-0CC3248C6C59}.Release|Any CPU.Build.0 = Release|Any CPU
	EndGlobalSection
	GlobalSection(SolutionProperties) = preSolution
		HideSolutionNode = FALSE
	EndGlobalSection
	GlobalSection(ExtensibilityGlobals) = postSolution
		SolutionGuid = {35089EEA-9B4B-4169-B8B6-5036D47F7236}
	EndGlobalSection
EndGlobal
