
Microsoft Visual Studio Solution File, Format Version 12.00
# Visual Studio Version 16
VisualStudioVersion = 16.0.30804.86
MinimumVisualStudioVersion = 10.0.40219.1
Project("{9A19103F-16F7-4668-BE54-9A1E7A4F7556}") = "Bombs", "Bombs\Bombs.csproj", "{13EE5021-C617-45EF-8A83-0653BC862610}"
EndProject
Project("{9A19103F-16F7-4668-BE54-9A1E7A4F7556}") = "Snake", "Snake\Snake.csproj", "{B3488C42-11AA-478C-BDBC-0C81033A75BC}"
EndProject
Project("{9A19103F-16F7-4668-BE54-9A1E7A4F7556}") = "Parking", "Parking\Parking.csproj", "{6EDCF2F0-5BFF-4F61-B512-4B762E5AE119}"
EndProject
Project("{9A19103F-16F7-4668-BE54-9A1E7A4F7556}") = "Cooking", "Cooking\Cooking.csproj", "{C03E7743-A6C8-4BE4-B1DA-ACAAB270E3F3}"
EndProject
Project("{9A19103F-16F7-4668-BE54-9A1E7A4F7556}") = "Selling", "Selling\Selling.csproj", "{45AC6CD4-139D-423F-954B-29B50926796E}"
EndProject
Project("{9A19103F-16F7-4668-BE54-9A1E7A4F7556}") = "Openning", "Openning\Openning.csproj", "{DD37D801-19EB-4E19-8BCE-A9560AD4AA85}"
EndProject
Project("{FAE04EC0-301F-11D3-BF4B-00C04F79EFBC}") = "FlowerWreaths", "FlowerWreaths\FlowerWreaths.csproj", "{E1B8AA8E-410E-451A-AADC-A30433BA8290}"
EndProject
Project("{FAE04EC0-301F-11D3-BF4B-00C04F79EFBC}") = "Bee", "Bee\Bee.csproj", "{0A1C0507-BFD9-4D0A-B1D4-8A4EE0CF60D3}"
EndProject
Global
	GlobalSection(SolutionConfigurationPlatforms) = preSolution
		Debug|Any CPU = Debug|Any CPU
		Release|Any CPU = Release|Any CPU
	EndGlobalSection
	GlobalSection(ProjectConfigurationPlatforms) = postSolution
		{13EE5021-C617-45EF-8A83-0653BC862610}.Debug|Any CPU.ActiveCfg = Debug|Any CPU
		{13EE5021-C617-45EF-8A83-0653BC862610}.Debug|Any CPU.Build.0 = Debug|Any CPU
		{13EE5021-C617-45EF-8A83-0653BC862610}.Release|Any CPU.ActiveCfg = Release|Any CPU
		{13EE5021-C617-45EF-8A83-0653BC862610}.Release|Any CPU.Build.0 = Release|Any CPU
		{B3488C42-11AA-478C-BDBC-0C81033A75BC}.Debug|Any CPU.ActiveCfg = Debug|Any CPU
		{B3488C42-11AA-478C-BDBC-0C81033A75BC}.Debug|Any CPU.Build.0 = Debug|Any CPU
		{B3488C42-11AA-478C-BDBC-0C81033A75BC}.Release|Any CPU.ActiveCfg = Release|Any CPU
		{B3488C42-11AA-478C-BDBC-0C81033A75BC}.Release|Any CPU.Build.0 = Release|Any CPU
		{6EDCF2F0-5BFF-4F61-B512-4B762E5AE119}.Debug|Any CPU.ActiveCfg = Debug|Any CPU
		{6EDCF2F0-5BFF-4F61-B512-4B762E5AE119}.Debug|Any CPU.Build.0 = Debug|Any CPU
		{6EDCF2F0-5BFF-4F61-B512-4B762E5AE119}.Release|Any CPU.ActiveCfg = Release|Any CPU
		{6EDCF2F0-5BFF-4F61-B512-4B762E5AE119}.Release|Any CPU.Build.0 = Release|Any CPU
		{C03E7743-A6C8-4BE4-B1DA-ACAAB270E3F3}.Debug|Any CPU.ActiveCfg = Debug|Any CPU
		{C03E7743-A6C8-4BE4-B1DA-ACAAB270E3F3}.Debug|Any CPU.Build.0 = Debug|Any CPU
		{C03E7743-A6C8-4BE4-B1DA-ACAAB270E3F3}.Release|Any CPU.ActiveCfg = Release|Any CPU
		{C03E7743-A6C8-4BE4-B1DA-ACAAB270E3F3}.Release|Any CPU.Build.0 = Release|Any CPU
		{45AC6CD4-139D-423F-954B-29B50926796E}.Debug|Any CPU.ActiveCfg = Debug|Any CPU
		{45AC6CD4-139D-423F-954B-29B50926796E}.Debug|Any CPU.Build.0 = Debug|Any CPU
		{45AC6CD4-139D-423F-954B-29B50926796E}.Release|Any CPU.ActiveCfg = Release|Any CPU
		{45AC6CD4-139D-423F-954B-29B50926796E}.Release|Any CPU.Build.0 = Release|Any CPU
		{DD37D801-19EB-4E19-8BCE-A9560AD4AA85}.Debug|Any CPU.ActiveCfg = Debug|Any CPU
		{DD37D801-19EB-4E19-8BCE-A9560AD4AA85}.Debug|Any CPU.Build.0 = Debug|Any CPU
		{DD37D801-19EB-4E19-8BCE-A9560AD4AA85}.Release|Any CPU.ActiveCfg = Release|Any CPU
		{DD37D801-19EB-4E19-8BCE-A9560AD4AA85}.Release|Any CPU.Build.0 = Release|Any CPU
		{E1B8AA8E-410E-451A-AADC-A30433BA8290}.Debug|Any CPU.ActiveCfg = Debug|Any CPU
		{E1B8AA8E-410E-451A-AADC-A30433BA8290}.Debug|Any CPU.Build.0 = Debug|Any CPU
		{E1B8AA8E-410E-451A-AADC-A30433BA8290}.Release|Any CPU.ActiveCfg = Release|Any CPU
		{E1B8AA8E-410E-451A-AADC-A30433BA8290}.Release|Any CPU.Build.0 = Release|Any CPU
		{0A1C0507-BFD9-4D0A-B1D4-8A4EE0CF60D3}.Debug|Any CPU.ActiveCfg = Debug|Any CPU
		{0A1C0507-BFD9-4D0A-B1D4-8A4EE0CF60D3}.Debug|Any CPU.Build.0 = Debug|Any CPU
		{0A1C0507-BFD9-4D0A-B1D4-8A4EE0CF60D3}.Release|Any CPU.ActiveCfg = Release|Any CPU
		{0A1C0507-BFD9-4D0A-B1D4-8A4EE0CF60D3}.Release|Any CPU.Build.0 = Release|Any CPU
	EndGlobalSection
	GlobalSection(SolutionProperties) = preSolution
		HideSolutionNode = FALSE
	EndGlobalSection
	GlobalSection(ExtensibilityGlobals) = postSolution
		SolutionGuid = {9CC4ECBD-5E25-48AD-9699-F3AF97211A17}
	EndGlobalSection
EndGlobal
